
Microsoft Visual Studio Solution File, Format Version 12.00
# Visual Studio Version 17
VisualStudioVersion = 17.7.34003.232
MinimumVisualStudioVersion = 10.0.40219.1
Project("{FAE04EC0-301F-11D3-BF4B-00C04F79EFBC}") = "BusinessObject", "BusinessObject\BusinessObject.csproj", "{4AD51462-0F57-480A-9C44-28A92DDB746B}"
EndProject
Project("{FAE04EC0-301F-11D3-BF4B-00C04F79EFBC}") = "StudentWinApp", "StudentWinApp\StudentWinApp.csproj", "{4219ACB4-F240-4A61-807F-1FF34E68D026}"
EndProject
Global
	GlobalSection(SolutionConfigurationPlatforms) = preSolution
		Debug|Any CPU = Debug|Any CPU
		Release|Any CPU = Release|Any CPU
	EndGlobalSection
	GlobalSection(ProjectConfigurationPlatforms) = postSolution
		{4AD51462-0F57-480A-9C44-28A92DDB746B}.Debug|Any CPU.ActiveCfg = Debug|Any CPU
		{4AD51462-0F57-480A-9C44-28A92DDB746B}.Debug|Any CPU.Build.0 = Debug|Any CPU
		{4AD51462-0F57-480A-9C44-28A92DDB746B}.Release|Any CPU.ActiveCfg = Release|Any CPU
		{4AD51462-0F57-480A-9C44-28A92DDB746B}.Release|Any CPU.Build.0 = Release|Any CPU
		{4219ACB4-F240-4A61-807F-1FF34E68D026}.Debug|Any CPU.ActiveCfg = Debug|Any CPU
		{4219ACB4-F240-4A61-807F-1FF34E68D026}.Debug|Any CPU.Build.0 = Debug|Any CPU
		{4219ACB4-F240-4A61-807F-1FF34E68D026}.Release|Any CPU.ActiveCfg = Release|Any CPU
		{4219ACB4-F240-4A61-807F-1FF34E68D026}.Release|Any CPU.Build.0 = Release|Any CPU
	EndGlobalSection
	GlobalSection(SolutionProperties) = preSolution
		HideSolutionNode = FALSE
	EndGlobalSection
	GlobalSection(ExtensibilityGlobals) = postSolution
		SolutionGuid = {C330A820-0031-4660-B7FD-E829C10A1130}
	EndGlobalSection
EndGlobal
